
Microsoft Visual Studio Solution File, Format Version 12.00
# Visual Studio Version 17
VisualStudioVersion = 17.4.33205.214
MinimumVisualStudioVersion = 10.0.40219.1
Project("{FAE04EC0-301F-11D3-BF4B-00C04F79EFBC}") = "beadando", "beadando\beadando.csproj", "{6E9ED13D-A447-4BF9-B2E1-D3A6F7FE4EDD}"
EndProject
Global
	GlobalSection(SolutionConfigurationPlatforms) = preSolution
		Debug|Any CPU = Debug|Any CPU
		Release|Any CPU = Release|Any CPU
	EndGlobalSection
	GlobalSection(ProjectConfigurationPlatforms) = postSolution
		{6E9ED13D-A447-4BF9-B2E1-D3A6F7FE4EDD}.Debug|Any CPU.ActiveCfg = Debug|Any CPU
		{6E9ED13D-A447-4BF9-B2E1-D3A6F7FE4EDD}.Debug|Any CPU.Build.0 = Debug|Any CPU
		{6E9ED13D-A447-4BF9-B2E1-D3A6F7FE4EDD}.Release|Any CPU.ActiveCfg = Release|Any CPU
		{6E9ED13D-A447-4BF9-B2E1-D3A6F7FE4EDD}.Release|Any CPU.Build.0 = Release|Any CPU
	EndGlobalSection
	GlobalSection(SolutionProperties) = preSolution
		HideSolutionNode = FALSE
	EndGlobalSection
	GlobalSection(ExtensibilityGlobals) = postSolution
		SolutionGuid = {BCC914BC-B40E-47A7-90A1-029F4D9EF319}
	EndGlobalSection
EndGlobal
